
Microsoft Visual Studio Solution File, Format Version 12.00
# Visual Studio Version 17
VisualStudioVersion = 17.11.35222.181
MinimumVisualStudioVersion = 10.0.40219.1
Project("{FAE04EC0-301F-11D3-BF4B-00C04F79EFBC}") = "utspbo", "utspbo\utspbo.csproj", "{DCB52822-72C9-4B0D-97D2-15E4916A9A0C}"
EndProject
Global
	GlobalSection(SolutionConfigurationPlatforms) = preSolution
		Debug|Any CPU = Debug|Any CPU
		Release|Any CPU = Release|Any CPU
	EndGlobalSection
	GlobalSection(ProjectConfigurationPlatforms) = postSolution
		{DCB52822-72C9-4B0D-97D2-15E4916A9A0C}.Debug|Any CPU.ActiveCfg = Debug|Any CPU
		{DCB52822-72C9-4B0D-97D2-15E4916A9A0C}.Debug|Any CPU.Build.0 = Debug|Any CPU
		{DCB52822-72C9-4B0D-97D2-15E4916A9A0C}.Release|Any CPU.ActiveCfg = Release|Any CPU
		{DCB52822-72C9-4B0D-97D2-15E4916A9A0C}.Release|Any CPU.Build.0 = Release|Any CPU
	EndGlobalSection
	GlobalSection(SolutionProperties) = preSolution
		HideSolutionNode = FALSE
	EndGlobalSection
	GlobalSection(ExtensibilityGlobals) = postSolution
		SolutionGuid = {7996F25E-22F3-4D24-8729-95760E8BC0BF}
	EndGlobalSection
EndGlobal
